
Microsoft Visual Studio Solution File, Format Version 12.00
# Visual Studio Version 17
VisualStudioVersion = 17.9.34728.123
MinimumVisualStudioVersion = 10.0.40219.1
Project("{FAE04EC0-301F-11D3-BF4B-00C04F79EFBC}") = "LAB9_Module4-MarketPlace", "LAB9_Module4-MarketPlace\LAB9_Module4-MarketPlace.csproj", "{514D7375-ED19-4FF3-9E27-85C3B85CF2A3}"
EndProject
Global
	GlobalSection(SolutionConfigurationPlatforms) = preSolution
		Debug|Any CPU = Debug|Any CPU
		Release|Any CPU = Release|Any CPU
	EndGlobalSection
	GlobalSection(ProjectConfigurationPlatforms) = postSolution
		{514D7375-ED19-4FF3-9E27-85C3B85CF2A3}.Debug|Any CPU.ActiveCfg = Debug|Any CPU
		{514D7375-ED19-4FF3-9E27-85C3B85CF2A3}.Debug|Any CPU.Build.0 = Debug|Any CPU
		{514D7375-ED19-4FF3-9E27-85C3B85CF2A3}.Release|Any CPU.ActiveCfg = Release|Any CPU
		{514D7375-ED19-4FF3-9E27-85C3B85CF2A3}.Release|Any CPU.Build.0 = Release|Any CPU
	EndGlobalSection
	GlobalSection(SolutionProperties) = preSolution
		HideSolutionNode = FALSE
	EndGlobalSection
	GlobalSection(ExtensibilityGlobals) = postSolution
		SolutionGuid = {05595C33-8E69-465D-A99C-B75E0FF4AA62}
	EndGlobalSection
EndGlobal
